
Microsoft Visual Studio Solution File, Format Version 10.00
# Visual Studio 2008
Project("{FAE04EC0-301F-11D3-BF4B-00C04F79EFBC}") = "Playlist Generator v2", "Playlist Generator v2.csproj", "{58768A11-5818-411B-A5AF-98049E1A1CB1}"
EndProject
Global
	GlobalSection(SolutionConfigurationPlatforms) = preSolution
		Debug|Any CPU = Debug|Any CPU
		Release|Any CPU = Release|Any CPU
	EndGlobalSection
	GlobalSection(ProjectConfigurationPlatforms) = postSolution
		{58768A11-5818-411B-A5AF-98049E1A1CB1}.Debug|Any CPU.ActiveCfg = Debug|Any CPU
		{58768A11-5818-411B-A5AF-98049E1A1CB1}.Debug|Any CPU.Build.0 = Debug|Any CPU
		{58768A11-5818-411B-A5AF-98049E1A1CB1}.Release|Any CPU.ActiveCfg = Release|Any CPU
		{58768A11-5818-411B-A5AF-98049E1A1CB1}.Release|Any CPU.Build.0 = Release|Any CPU
	EndGlobalSection
	GlobalSection(SolutionProperties) = preSolution
		HideSolutionNode = FALSE
	EndGlobalSection
EndGlobal
